
Microsoft Visual Studio Solution File, Format Version 12.00
# Visual Studio Version 17
VisualStudioVersion = 17.10.34928.147
MinimumVisualStudioVersion = 10.0.40219.1
Project("{FAE04EC0-301F-11D3-BF4B-00C04F79EFBC}") = "WindsorFamilyTree", "WindsorFamilyTree\WindsorFamilyTree.csproj", "{6B16765E-8D41-44D3-A621-768CA5DC2A92}"
EndProject
Global
	GlobalSection(SolutionConfigurationPlatforms) = preSolution
		Debug|Any CPU = Debug|Any CPU
		Release|Any CPU = Release|Any CPU
	EndGlobalSection
	GlobalSection(ProjectConfigurationPlatforms) = postSolution
		{6B16765E-8D41-44D3-A621-768CA5DC2A92}.Debug|Any CPU.ActiveCfg = Debug|Any CPU
		{6B16765E-8D41-44D3-A621-768CA5DC2A92}.Debug|Any CPU.Build.0 = Debug|Any CPU
		{6B16765E-8D41-44D3-A621-768CA5DC2A92}.Release|Any CPU.ActiveCfg = Release|Any CPU
		{6B16765E-8D41-44D3-A621-768CA5DC2A92}.Release|Any CPU.Build.0 = Release|Any CPU
	EndGlobalSection
	GlobalSection(SolutionProperties) = preSolution
		HideSolutionNode = FALSE
	EndGlobalSection
	GlobalSection(ExtensibilityGlobals) = postSolution
		SolutionGuid = {23425091-8EAC-421E-A2B6-A778CAEE62C4}
	EndGlobalSection
EndGlobal
